{
  "object": {
    "pins": [
      {
        "package": "big-num",
        "repositoryURL": "https://github.com/adam-fowler/big-num",
        "state": {
          "branch": null,
          "revision": "9059dcab8dd001b8143bc512b4477d079e97957f",
          "version": "2.0.3"
        }
      },
      {
        "package": "CryptoSwift",
        "repositoryURL": "https://github.com/krzyzanowskim/CryptoSwift",
        "state": {
          "branch": null,
          "revision": "f2a627b84c1ff96f21ac2fcb623ab36142dd5512",
          "version": "1.10.0"
        }
      },
      {
        "package": "swift-asn1",
        "repositoryURL": "https://github.com/apple/swift-asn1.git",
        "state": {
          "branch": null,
          "revision": "eb50cbd14606a9161cbc5d452f18797c90ef0bab",
          "version": "1.7.0"
        }
      },
      {
        "package": "swift-crypto",
        "repositoryURL": "https://github.com/apple/swift-crypto",
        "state": {
          "branch": null,
          "revision": "476538ccb827f2dd18efc5de754cc87d77127a47",
          "version": "4.4.0"
        }
      },
      {
        "package": "swift-srp",
        "repositoryURL": "https://github.com/adam-fowler/swift-srp.git",
        "state": {
          "branch": null,
          "revision": "ce202c48f8ca68f44b71732f945eb8221d6fe135",
          "version": null
        }
      }
    ]
  },
  "version": 1
}
